// !$*UTF8*$!
{
	archiveVersion = 1;
	classes = {
	};
	objectVersion = 46;
	objects = {

/* Begin PBXBuildFile section */
		251A22671BA6C89300A2D0E0 /* AppDelegate.swift in Sources */ = {isa = PBXBuildFile; fileRef = 251A22661BA6C89300A2D0E0 /* AppDelegate.swift */; };
		251A22691BA6C89300A2D0E0 /* ViewController.swift in Sources */ = {isa = PBXBuildFile; fileRef = 251A22681BA6C89300A2D0E0 /* ViewController.swift */; };
		251A226C1BA6C89300A2D0E0 /* Main.storyboard in Resources */ = {isa = PBXBuildFile; fileRef = 251A226A1BA6C89300A2D0E0 /* Main.storyboard */; };
		251A226E1BA6C89300A2D0E0 /* Assets.xcassets in Resources */ = {isa = PBXBuildFile; fileRef = 251A226D1BA6C89300A2D0E0 /* Assets.xcassets */; };
		251A22711BA6C89300A2D0E0 /* LaunchScreen.storyboard in Resources */ = {isa = PBXBuildFile; fileRef = 251A226F1BA6C89300A2D0E0 /* LaunchScreen.storyboard */; };
/* End PBXBuildFile section */

/* Begin PBXFileReference section */
		251A22631BA6C89300A2D0E0 /* Hiding Labels.app */ = {isa = PBXFileReference; explicitFileType = wrapper.application; includeInIndex = 0; path = "Hiding Labels.app"; sourceTree = BUILT_PRODUCTS_DIR; };
		251A22661BA6C89300A2D0E0 /* AppDelegate.swift */ = {isa = PBXFileReference; lastKnownFileType = sourcecode.swift; path = AppDelegate.swift; sourceTree = "<group>"; };
		251A22681BA6C89300A2D0E0 /* ViewController.swift */ = {isa = PBXFileReference; lastKnownFileType = sourcecode.swift; path = ViewController.swift; sourceTree = "<group>"; };
		251A226B1BA6C89300A2D0E0 /* Base */ = {isa = PBXFileReference; lastKnownFileType = file.storyboard; name = Base; path = Base.lproj/Main.storyboard; sourceTree = "<group>"; };
		251A226D1BA6C89300A2D0E0 /* Assets.xcassets */ = {isa = PBXFileReference; lastKnownFileType = folder.assetcatalog; path = Assets.xcassets; sourceTree = "<group>"; };
		251A22701BA6C89300A2D0E0 /* Base */ = {isa = PBXFileReference; lastKnownFileType = file.storyboard; name = Base; path = Base.lproj/LaunchScreen.storyboard; sourceTree = "<group>"; };
		251A22721BA6C89300A2D0E0 /* Info.plist */ = {isa = PBXFileReference; lastKnownFileType = text.plist.xml; path = Info.plist; sourceTree = "<group>"; };
/* End PBXFileReference section */

/* Begin PBXFrameworksBuildPhase section */
		251A22601BA6C89300A2D0E0 /* Frameworks */ = {
			isa = PBXFrameworksBuildPhase;
			buildActionMask = 2147483647;
			files = (
			);
			runOnlyForDeploymentPostprocessing = 0;
		};
/* End PBXFrameworksBuildPhase section */

/* Begin PBXGroup section */
		251A225A1BA6C89300A2D0E0 = {
			isa = PBXGroup;
			children = (
				251A22651BA6C89300A2D0E0 /* Hiding Labels */,
				251A22641BA6C89300A2D0E0 /* Products */,
			);
			sourceTree = "<group>";
		};
		251A22641BA6C89300A2D0E0 /* Products */ = {
			isa = PBXGroup;
			children = (
				251A22631BA6C89300A2D0E0 /* Hiding Labels.app */,
			);
			name = Products;
			sourceTree = "<group>";
		};
		251A22651BA6C89300A2D0E0 /* Hiding Labels */ = {
			isa = PBXGroup;
			children = (
				251A22661BA6C89300A2D0E0 /* AppDelegate.swift */,
				251A22681BA6C89300A2D0E0 /* ViewController.swift */,
				251A226A1BA6C89300A2D0E0 /* Main.storyboard */,
				251A226D1BA6C89300A2D0E0 /* Assets.xcassets */,
				251A226F1BA6C89300A2D0E0 /* LaunchScreen.storyboard */,
				251A22721BA6C89300A2D0E0 /* Info.plist */,
			);
			path = "Hiding Labels";
			sourceTree = "<group>";
		};
/* End PBXGroup section */

/* Begin PBXNativeTarget section */
		251A22621BA6C89300A2D0E0 /* Hiding Labels */ = {
			isa = PBXNativeTarget;
			buildConfigurationList = 251A22751BA6C89300A2D0E0 /* Build configuration list for PBXNativeTarget "Hiding Labels" */;
			buildPhases = (
				251A225F1BA6C89300A2D0E0 /* Sources */,
				251A22601BA6C89300A2D0E0 /* Frameworks */,
				251A22611BA6C89300A2D0E0 /* Resources */,
			);
			buildRules = (
			);
			dependencies = (
			);
			name = "Hiding Labels";
			productName = "Hiding Labels";
			productReference = 251A22631BA6C89300A2D0E0 /* Hiding Labels.app */;
			productType = "com.apple.product-type.application";
		};
/* End PBXNativeTarget section */

/* Begin PBXProject section */
		251A225B1BA6C89300A2D0E0 /* Project object */ = {
			isa = PBXProject;
			attributes = {
				LastUpgradeCheck = 0700;
				ORGANIZATIONNAME = "Candy Code";
				TargetAttributes = {
					251A22621BA6C89300A2D0E0 = {
						CreatedOnToolsVersion = 7.0;
					};
				};
			};
			buildConfigurationList = 251A225E1BA6C89300A2D0E0 /* Build configuration list for PBXProject "Hiding Labels" */;
			compatibilityVersion = "Xcode 3.2";
			developmentRegion = English;
			hasScannedForEncodings = 0;
			knownRegions = (
				en,
				Base,
			);
			mainGroup = 251A225A1BA6C89300A2D0E0;
			productRefGroup = 251A22641BA6C89300A2D0E0 /* Products */;
			projectDirPath = "";
			projectRoot = "";
			targets = (
				251A22621BA6C89300A2D0E0 /* Hiding Labels */,
			);
		};
/* End PBXProject section */

/* Begin PBXResourcesBuildPhase section */
		251A22611BA6C89300A2D0E0 /* Resources */ = {
			isa = PBXResourcesBuildPhase;
			buildActionMask = 2147483647;
			files = (
				251A22711BA6C89300A2D0E0 /* LaunchScreen.storyboard in Resources */,
				251A226E1BA6C89300A2D0E0 /* Assets.xcassets in Resources */,
				251A226C1BA6C89300A2D0E0 /* Main.storyboard in Resources */,
			);
			runOnlyForDeploymentPostprocessing = 0;
		};
/* End PBXResourcesBuildPhase section */

/* Begin PBXSourcesBuildPhase section */
		251A225F1BA6C89300A2D0E0 /* Sources */ = {
			isa = PBXSourcesBuildPhase;
			buildActionMask = 2147483647;
			files = (
				251A22691BA6C89300A2D0E0 /* ViewController.swift in Sources */,
				251A22671BA6C89300A2D0E0 /* AppDelegate.swift in Sources */,
			);
			runOnlyForDeploymentPostprocessing = 0;
		};
/* End PBXSourcesBuildPhase section */

/* Begin PBXVariantGroup section */
		251A226A1BA6C89300A2D0E0 /* Main.storyboard */ = {
			isa = PBXVariantGroup;
			children = (
				251A226B1BA6C89300A2D0E0 /* Base */,
			);
			name = Main.storyboard;
			sourceTree = "<group>";
		};
		251A226F1BA6C89300A2D0E0 /* LaunchScreen.storyboard */ = {
			isa = PBXVariantGroup;
			children = (
				251A22701BA6C89300A2D0E0 /* Base */,
			);
			name = LaunchScreen.storyboard;
			sourceTree = "<group>";
		};
/* End PBXVariantGroup section */

/* Begin XCBuildConfiguration section */
		251A22731BA6C89300A2D0E0 /* Debug */ = {
			isa = XCBuildConfiguration;
			buildSettings = {
				ALWAYS_SEARCH_USER_PATHS = NO;
				CLANG_CXX_LANGUAGE_STANDARD = "gnu++0x";
				CLANG_CXX_LIBRARY = "libc++";
				CLANG_ENABLE_MODULES = YES;
				CLANG_ENABLE_OBJC_ARC = YES;
				CLANG_WARN_BOOL_CONVERSION = YES;
				CLANG_WARN_CONSTANT_CONVERSION = YES;
				CLANG_WARN_DIRECT_OBJC_ISA_USAGE = YES_ERROR;
				CLANG_WARN_EMPTY_BODY = YES;
				CLANG_WARN_ENUM_CONVERSION = YES;
				CLANG_WARN_INT_CONVERSION = YES;
				CLANG_WARN_OBJC_ROOT_CLASS = YES_ERROR;
				CLANG_WARN_UNREACHABLE_CODE = YES;
				CLANG_WARN__DUPLICATE_METHOD_MATCH = YES;
				"CODE_SIGN_IDENTITY[sdk=iphoneos*]" = "iPhone Developer";
				COPY_PHASE_STRIP = NO;
				DEBUG_INFORMATION_FORMAT = dwarf;
				ENABLE_STRICT_OBJC_MSGSEND = YES;
				ENABLE_TESTABILITY = YES;
				GCC_C_LANGUAGE_STANDARD = gnu99;
				GCC_DYNAMIC_NO_PIC = NO;
				GCC_NO_COMMON_BLOCKS = YES;
				GCC_OPTIMIZATION_LEVEL = 0;
				GCC_PREPROCESSOR_DEFINITIONS = (
					"DEBUG=1",
					"$(inherited)",
				);
				GCC_WARN_64_TO_32_BIT_CONVERSION = YES;
				GCC_WARN_ABOUT_RETURN_TYPE = YES_ERROR;
				GCC_WARN_UNDECLARED_SELECTOR = YES;
				GCC_WARN_UNINITIALIZED_AUTOS = YES_AGGRESSIVE;
				GCC_WARN_UNUSED_FUNCTION = YES;
				GCC_WARN_UNUSED_VARIABLE = YES;
				IPHONEOS_DEPLOYMENT_TARGET = 9.0;
				MTL_ENABLE_DEBUG_INFO = YES;
				ONLY_ACTIVE_ARCH = YES;
				SDKROOT = iphoneos;
				SWIFT_OPTIMIZATION_LEVEL = "-Onone";
				TARGETED_DEVICE_FAMILY = "1,2";
			};
			name = Debug;
		};
		251A22741BA6C89300A2D0E0 /* Release */ = {
			isa = XCBuildConfiguration;
			buildSettings = {
				ALWAYS_SEARCH_USER_PATHS = NO;
				CLANG_CXX_LANGUAGE_STANDARD = "gnu++0x";
				CLANG_CXX_LIBRARY = "libc++";
				CLANG_ENABLE_MODULES = YES;
				CLANG_ENABLE_OBJC_ARC = YES;
				CLANG_WARN_BOOL_CONVERSION = YES;
				CLANG_WARN_CONSTANT_CONVERSION = YES;
				CLANG_WARN_DIRECT_OBJC_ISA_USAGE = YES_ERROR;
				CLANG_WARN_EMPTY_BODY = YES;
				CLANG_WARN_ENUM_CONVERSION = YES;
				CLANG_WARN_INT_CONVERSION = YES;
				CLANG_WARN_OBJC_ROOT_CLASS = YES_ERROR;
				CLANG_WARN_UNREACHABLE_CODE = YES;
				CLANG_WARN__DUPLICATE_METHOD_MATCH = YES;
				"CODE_SIGN_IDENTITY[sdk=iphoneos*]" = "iPhone Developer";
				COPY_PHASE_STRIP = NO;
				DEBUG_INFORMATION_FORMAT = "dwarf-with-dsym";
				ENABLE_NS_ASSERTIONS = NO;
				ENABLE_STRICT_OBJC_MSGSEND = YES;
				GCC_C_LANGUAGE_STANDARD = gnu99;
				GCC_NO_COMMON_BLOCKS = YES;
				GCC_WARN_64_TO_32_BIT_CONVERSION = YES;
				GCC_WARN_ABOUT_RETURN_TYPE = YES_ERROR;
				GCC_WARN_UNDECLARED_SELECTOR = YES;
				GCC_WARN_UNINITIALIZED_AUTOS = YES_AGGRESSIVE;
				GCC_WARN_UNUSED_FUNCTION = YES;
				GCC_WARN_UNUSED_VARIABLE = YES;
				IPHONEOS_DEPLOYMENT_TARGET = 9.0;
				MTL_ENABLE_DEBUG_INFO = NO;
				SDKROOT = iphoneos;
				TARGETED_DEVICE_FAMILY = "1,2";
				VALIDATE_PRODUCT = YES;
			};
			name = Release;
		};
		251A22761BA6C89300A2D0E0 /* Debug */ = {
			isa = XCBuildConfiguration;
			buildSettings = {
				ASSETCATALOG_COMPILER_APPICON_NAME = AppIcon;
				INFOPLIST_FILE = "Hiding Labels/Info.plist";
				LD_RUNPATH_SEARCH_PATHS = "$(inherited) @executable_path/Frameworks";
				PRODUCT_BUNDLE_IDENTIFIER = "io.candycode.Hiding-Labels";
				PRODUCT_NAME = "$(TARGET_NAME)";
			};
			name = Debug;
		};
		251A22771BA6C89300A2D0E0 /* Release */ = {
			isa = XCBuildConfiguration;
			buildSettings = {
				ASSETCATALOG_COMPILER_APPICON_NAME = AppIcon;
				INFOPLIST_FILE = "Hiding Labels/Info.plist";
				LD_RUNPATH_SEARCH_PATHS = "$(inherited) @executable_path/Frameworks";
				PRODUCT_BUNDLE_IDENTIFIER = "io.candycode.Hiding-Labels";
				PRODUCT_NAME = "$(TARGET_NAME)";
			};
			name = Release;
		};
/* End XCBuildConfiguration section */

/* Begin XCConfigurationList section */
		251A225E1BA6C89300A2D0E0 /* Build configuration list for PBXProject "Hiding Labels" */ = {
			isa = XCConfigurationList;
			buildConfigurations = (
				251A22731BA6C89300A2D0E0 /* Debug */,
				251A22741BA6C89300A2D0E0 /* Release */,
			);
			defaultConfigurationIsVisible = 0;
			defaultConfigurationName = Release;
		};
		251A22751BA6C89300A2D0E0 /* Build configuration list for PBXNativeTarget "Hiding Labels" */ = {
			isa = XCConfigurationList;
			buildConfigurations = (
				251A22761BA6C89300A2D0E0 /* Debug */,
				251A22771BA6C89300A2D0E0 /* Release */,
			);
			defaultConfigurationIsVisible = 0;
			defaultConfigurationName = Release;
		};
/* End XCConfigurationList section */
	};
	rootObject = 251A225B1BA6C89300A2D0E0 /* Project object */;
}
